// !$*UTF8*$!
{
	archiveVersion = 1;
	classes = {
	};
	objectVersion = 50;
	objects = {

/* Begin PBXBuildFile section */
		07DCEF0B6E4AB4534D627D95 /* Pods_Grammary.framework in Frameworks */ = {isa = PBXBuildFile; fileRef = 9E00FFCF37E7F3D65289CCD6 /* Pods_Grammary.framework */; };
		1CEC0CD821D4007D003C9C7A /* AnswersParser.swift in Sources */ = {isa = PBXBuildFile; fileRef = 1CEC0CD721D4007D003C9C7A /* AnswersParser.swift */; };
		1CEC0CDB21D4015D003C9C7A /* Rule.swift in Sources */ = {isa = PBXBuildFile; fileRef = 1CEC0CDA21D4015D003C9C7A /* Rule.swift */; };
		1CEC0CDE21D402A1003C9C7A /* RuleExample.swift in Sources */ = {isa = PBXBuildFile; fileRef = 1CEC0CDD21D402A1003C9C7A /* RuleExample.swift */; };
		1CEC0CE021D402AD003C9C7A /* Answer.swift in Sources */ = {isa = PBXBuildFile; fileRef = 1CEC0CDF21D402AD003C9C7A /* Answer.swift */; };
		1CEC0CE421D905C0003C9C7A /* PresentationConstants.swift in Sources */ = {isa = PBXBuildFile; fileRef = 1CEC0CE321D905C0003C9C7A /* PresentationConstants.swift */; };
		1CEC0CE621D90CFB003C9C7A /* RulesSet.swift in Sources */ = {isa = PBXBuildFile; fileRef = 1CEC0CE521D90CFB003C9C7A /* RulesSet.swift */; };
		1CEC0CF221D90E6D003C9C7A /* RulesSetsPresenter.swift in Sources */ = {isa = PBXBuildFile; fileRef = 1CEC0CE821D90E6D003C9C7A /* RulesSetsPresenter.swift */; };
		1CEC0CF321D90E6D003C9C7A /* RulesSetsRouter.swift in Sources */ = {isa = PBXBuildFile; fileRef = 1CEC0CE921D90E6D003C9C7A /* RulesSetsRouter.swift */; };
		1CEC0CF521D90E6D003C9C7A /* RulesSetsProtocols.swift in Sources */ = {isa = PBXBuildFile; fileRef = 1CEC0CEB21D90E6D003C9C7A /* RulesSetsProtocols.swift */; };
		1CEC0CF621D90E6D003C9C7A /* RulesSetsAssembly.swift in Sources */ = {isa = PBXBuildFile; fileRef = 1CEC0CEC21D90E6D003C9C7A /* RulesSetsAssembly.swift */; };
		1CEC0CF721D90E6D003C9C7A /* RulesSetsInteractor.swift in Sources */ = {isa = PBXBuildFile; fileRef = 1CEC0CED21D90E6D003C9C7A /* RulesSetsInteractor.swift */; };
		1CEC0CF821D90E6D003C9C7A /* RulesSetsPresenter+QuestionsSetsInteractorOutput.swift in Sources */ = {isa = PBXBuildFile; fileRef = 1CEC0CEE21D90E6D003C9C7A /* RulesSetsPresenter+QuestionsSetsInteractorOutput.swift */; };
		1CEC0CFB21D90E6D003C9C7A /* RulesSetsState.swift in Sources */ = {isa = PBXBuildFile; fileRef = 1CEC0CF121D90E6D003C9C7A /* RulesSetsState.swift */; };
		1CEC0D0421D91031003C9C7A /* RulesSetsViewController.swift in Sources */ = {isa = PBXBuildFile; fileRef = 1CEC0D0121D91031003C9C7A /* RulesSetsViewController.swift */; };
		1CEC0D0521D91031003C9C7A /* RulesSetsViewController.xib in Resources */ = {isa = PBXBuildFile; fileRef = 1CEC0D0221D91031003C9C7A /* RulesSetsViewController.xib */; };
		1CEC0D0921D9453B003C9C7A /* TableViewManager.swift in Sources */ = {isa = PBXBuildFile; fileRef = 1CEC0D0821D9453B003C9C7A /* TableViewManager.swift */; };
		1CEC0D0E21DA0918003C9C7A /* TableViewItem.swift in Sources */ = {isa = PBXBuildFile; fileRef = 1CEC0D0D21DA0918003C9C7A /* TableViewItem.swift */; };
		1CEC0D1021DA0B00003C9C7A /* UITableView+Extension.swift in Sources */ = {isa = PBXBuildFile; fileRef = 1CEC0D0F21DA0B00003C9C7A /* UITableView+Extension.swift */; };
		1CEC0D1621DA0C6A003C9C7A /* RulesSetTableViewCell.swift in Sources */ = {isa = PBXBuildFile; fileRef = 1CEC0D1421DA0C6A003C9C7A /* RulesSetTableViewCell.swift */; };
		1CEC0D1721DA0C6A003C9C7A /* RulesSetTableViewCell.xib in Resources */ = {isa = PBXBuildFile; fileRef = 1CEC0D1521DA0C6A003C9C7A /* RulesSetTableViewCell.xib */; };
		1CEC0D1A21DA0CC5003C9C7A /* TableViewCell.swift in Sources */ = {isa = PBXBuildFile; fileRef = 1CEC0D1921DA0CC5003C9C7A /* TableViewCell.swift */; };
		1CEC0D1C21DA0E39003C9C7A /* TableViewSection.swift in Sources */ = {isa = PBXBuildFile; fileRef = 1CEC0D1B21DA0E39003C9C7A /* TableViewSection.swift */; };
		1CEC0D2321DA1F30003C9C7A /* ExersiceConstants.swift in Sources */ = {isa = PBXBuildFile; fileRef = 1CEC0D2221DA1F30003C9C7A /* ExersiceConstants.swift */; };
		1CEC0D2621DA2070003C9C7A /* RulesSetItem.swift in Sources */ = {isa = PBXBuildFile; fileRef = 1CEC0D2521DA2070003C9C7A /* RulesSetItem.swift */; };
		1CEC0D3621DA2C73003C9C7A /* TabBarAssembly.swift in Sources */ = {isa = PBXBuildFile; fileRef = 1CEC0D2D21DA2C73003C9C7A /* TabBarAssembly.swift */; };
		1CFCD63B21D3EA8600F9D5A8 /* AppDelegate.swift in Sources */ = {isa = PBXBuildFile; fileRef = 1CFCD63A21D3EA8600F9D5A8 /* AppDelegate.swift */; };
		1CFCD64221D3EA8700F9D5A8 /* Assets.xcassets in Resources */ = {isa = PBXBuildFile; fileRef = 1CFCD64121D3EA8700F9D5A8 /* Assets.xcassets */; };
		1CFCD64521D3EA8700F9D5A8 /* LaunchScreen.storyboard in Resources */ = {isa = PBXBuildFile; fileRef = 1CFCD64321D3EA8700F9D5A8 /* LaunchScreen.storyboard */; };
		1CFCD65021D3EA8700F9D5A8 /* GrammaryTests.swift in Sources */ = {isa = PBXBuildFile; fileRef = 1CFCD64F21D3EA8700F9D5A8 /* GrammaryTests.swift */; };
		1CFCD67921D3F16B00F9D5A8 /* ExercisePresenter.swift in Sources */ = {isa = PBXBuildFile; fileRef = 1CFCD67021D3F16B00F9D5A8 /* ExercisePresenter.swift */; };
		1CFCD67A21D3F16B00F9D5A8 /* ExerciseRouter.swift in Sources */ = {isa = PBXBuildFile; fileRef = 1CFCD67121D3F16B00F9D5A8 /* ExerciseRouter.swift */; };
		1CFCD67B21D3F16B00F9D5A8 /* ExerciseViewController.swift in Sources */ = {isa = PBXBuildFile; fileRef = 1CFCD67221D3F16B00F9D5A8 /* ExerciseViewController.swift */; };
		1CFCD67C21D3F16B00F9D5A8 /* ExerciseProtocols.swift in Sources */ = {isa = PBXBuildFile; fileRef = 1CFCD67321D3F16B00F9D5A8 /* ExerciseProtocols.swift */; };
		1CFCD67D21D3F16B00F9D5A8 /* ExerciseAssembly.swift in Sources */ = {isa = PBXBuildFile; fileRef = 1CFCD67421D3F16B00F9D5A8 /* ExerciseAssembly.swift */; };
		1CFCD67E21D3F16B00F9D5A8 /* ExerciseInteractor.swift in Sources */ = {isa = PBXBuildFile; fileRef = 1CFCD67521D3F16B00F9D5A8 /* ExerciseInteractor.swift */; };
		1CFCD67F21D3F16B00F9D5A8 /* ExercisePresenter+ExerciseInteractorOutput.swift in Sources */ = {isa = PBXBuildFile; fileRef = 1CFCD67621D3F16B00F9D5A8 /* ExercisePresenter+ExerciseInteractorOutput.swift */; };
		1CFCD68021D3F16B00F9D5A8 /* ExerciseViewController.xib in Resources */ = {isa = PBXBuildFile; fileRef = 1CFCD67721D3F16B00F9D5A8 /* ExerciseViewController.xib */; };
		1CFCD68121D3F16B00F9D5A8 /* ExerciseState.swift in Sources */ = {isa = PBXBuildFile; fileRef = 1CFCD67821D3F16B00F9D5A8 /* ExerciseState.swift */; };
		1CFCD68721D3F22400F9D5A8 /* ServisceAssembly.swift in Sources */ = {isa = PBXBuildFile; fileRef = 1CFCD68621D3F22400F9D5A8 /* ServisceAssembly.swift */; };
		767BDCACCB3E33D4190B72B9 /* Pods_GrammaryTests.framework in Frameworks */ = {isa = PBXBuildFile; fileRef = 016CD9D33B14FC8A3318145C /* Pods_GrammaryTests.framework */; };
		A52855F221DE409100228F0E /* Question.swift in Sources */ = {isa = PBXBuildFile; fileRef = A52855F121DE409100228F0E /* Question.swift */; };
		A55FCB4821E29580009932A2 /* RuleProgressLocalService.swift in Sources */ = {isa = PBXBuildFile; fileRef = A55FCB4721E29580009932A2 /* RuleProgressLocalService.swift */; };
		A5737A8221DCF1A90037AAFD /* ExerciseFacade.swift in Sources */ = {isa = PBXBuildFile; fileRef = A5737A8121DCF1A90037AAFD /* ExerciseFacade.swift */; };
		A5737A8821DCF4270037AAFD /* RuleLocalService.swift in Sources */ = {isa = PBXBuildFile; fileRef = A5737A8721DCF4270037AAFD /* RuleLocalService.swift */; };
		A5737A8A21DCF4B50037AAFD /* RuleNetworkService.swift in Sources */ = {isa = PBXBuildFile; fileRef = A5737A8921DCF4B50037AAFD /* RuleNetworkService.swift */; };
		A5737A8D21DCFB6D0037AAFD /* Array+toRealmList.swift in Sources */ = {isa = PBXBuildFile; fileRef = A5737A8C21DCFB6D0037AAFD /* Array+toRealmList.swift */; };
		A5737A8F21DD0C530037AAFD /* PersistenceService.swift in Sources */ = {isa = PBXBuildFile; fileRef = A5737A8E21DD0C530037AAFD /* PersistenceService.swift */; };
		A5737A9121DD0CF80037AAFD /* RulesSetLocalService.swift in Sources */ = {isa = PBXBuildFile; fileRef = A5737A9021DD0CF80037AAFD /* RulesSetLocalService.swift */; };
		A5737A9321DD0E980037AAFD /* RuleProgress.swift in Sources */ = {isa = PBXBuildFile; fileRef = A5737A9221DD0E980037AAFD /* RuleProgress.swift */; };
		A5737A9821DD4FEC0037AAFD /* UIView+Extension.swift in Sources */ = {isa = PBXBuildFile; fileRef = A5737A9721DD4FEC0037AAFD /* UIView+Extension.swift */; };
		A5737AA421DD533A0037AAFD /* ExamplePresenter.swift in Sources */ = {isa = PBXBuildFile; fileRef = A5737A9A21DD533A0037AAFD /* ExamplePresenter.swift */; };
		A5737AA621DD533A0037AAFD /* ExampleViewImpl.swift in Sources */ = {isa = PBXBuildFile; fileRef = A5737A9C21DD533A0037AAFD /* ExampleViewImpl.swift */; };
		A5737AA721DD533A0037AAFD /* ExampleProtocols.swift in Sources */ = {isa = PBXBuildFile; fileRef = A5737A9D21DD533A0037AAFD /* ExampleProtocols.swift */; };
		A5737AA821DD533A0037AAFD /* ExampleAssembly.swift in Sources */ = {isa = PBXBuildFile; fileRef = A5737A9E21DD533A0037AAFD /* ExampleAssembly.swift */; };
		A5737AA921DD533A0037AAFD /* ExampleInteractor.swift in Sources */ = {isa = PBXBuildFile; fileRef = A5737A9F21DD533A0037AAFD /* ExampleInteractor.swift */; };
		A5737AAA21DD533A0037AAFD /* ExamplePresenter+ExampleInteractorOutput.swift in Sources */ = {isa = PBXBuildFile; fileRef = A5737AA021DD533A0037AAFD /* ExamplePresenter+ExampleInteractorOutput.swift */; };
		A5737AAD21DD533A0037AAFD /* ExampleState.swift in Sources */ = {isa = PBXBuildFile; fileRef = A5737AA321DD533A0037AAFD /* ExampleState.swift */; };
		A5737AB321DDDFF50037AAFD /* ExampleItem.swift in Sources */ = {isa = PBXBuildFile; fileRef = A5737AB221DDDFF50037AAFD /* ExampleItem.swift */; };
		A5737AB821DDE07E0037AAFD /* ExampleTableViewCell.swift in Sources */ = {isa = PBXBuildFile; fileRef = A5737AB621DDE07E0037AAFD /* ExampleTableViewCell.swift */; };
		A5737AB921DDE07E0037AAFD /* ExampleTableViewCell.xib in Resources */ = {isa = PBXBuildFile; fileRef = A5737AB721DDE07E0037AAFD /* ExampleTableViewCell.xib */; };
		A59DD98221E2891F004947F3 /* QuestionItem.swift in Sources */ = {isa = PBXBuildFile; fileRef = A59DD98121E2891F004947F3 /* QuestionItem.swift */; };
/* End PBXBuildFile section */

/* Begin PBXContainerItemProxy section */
		1CFCD64C21D3EA8700F9D5A8 /* PBXContainerItemProxy */ = {
			isa = PBXContainerItemProxy;
			containerPortal = 1CFCD62F21D3EA8600F9D5A8 /* Project object */;
			proxyType = 1;
			remoteGlobalIDString = 1CFCD63621D3EA8600F9D5A8;
			remoteInfo = Grammary;
		};
		1CFCD65721D3EA8700F9D5A8 /* PBXContainerItemProxy */ = {
			isa = PBXContainerItemProxy;
			containerPortal = 1CFCD62F21D3EA8600F9D5A8 /* Project object */;
			proxyType = 1;
			remoteGlobalIDString = 1CFCD63621D3EA8600F9D5A8;
			remoteInfo = Grammary;
		};
/* End PBXContainerItemProxy section */

/* Begin PBXFileReference section */
		016CD9D33B14FC8A3318145C /* Pods_GrammaryTests.framework */ = {isa = PBXFileReference; explicitFileType = wrapper.framework; includeInIndex = 0; path = Pods_GrammaryTests.framework; sourceTree = BUILT_PRODUCTS_DIR; };
		1CEC0CD721D4007D003C9C7A /* AnswersParser.swift */ = {isa = PBXFileReference; lastKnownFileType = sourcecode.swift; path = AnswersParser.swift; sourceTree = "<group>"; };
		1CEC0CDA21D4015D003C9C7A /* Rule.swift */ = {isa = PBXFileReference; lastKnownFileType = sourcecode.swift; path = Rule.swift; sourceTree = "<group>"; };
		1CEC0CDD21D402A1003C9C7A /* RuleExample.swift */ = {isa = PBXFileReference; lastKnownFileType = sourcecode.swift; path = RuleExample.swift; sourceTree = "<group>"; };
		1CEC0CDF21D402AD003C9C7A /* Answer.swift */ = {isa = PBXFileReference; lastKnownFileType = sourcecode.swift; path = Answer.swift; sourceTree = "<group>"; };
		1CEC0CE321D905C0003C9C7A /* PresentationConstants.swift */ = {isa = PBXFileReference; lastKnownFileType = sourcecode.swift; path = PresentationConstants.swift; sourceTree = "<group>"; };
		1CEC0CE521D90CFB003C9C7A /* RulesSet.swift */ = {isa = PBXFileReference; lastKnownFileType = sourcecode.swift; path = RulesSet.swift; sourceTree = "<group>"; };
		1CEC0CE821D90E6D003C9C7A /* RulesSetsPresenter.swift */ = {isa = PBXFileReference; lastKnownFileType = sourcecode.swift; path = RulesSetsPresenter.swift; sourceTree = "<group>"; };
		1CEC0CE921D90E6D003C9C7A /* RulesSetsRouter.swift */ = {isa = PBXFileReference; lastKnownFileType = sourcecode.swift; path = RulesSetsRouter.swift; sourceTree = "<group>"; };
		1CEC0CEB21D90E6D003C9C7A /* RulesSetsProtocols.swift */ = {isa = PBXFileReference; lastKnownFileType = sourcecode.swift; path = RulesSetsProtocols.swift; sourceTree = "<group>"; };
		1CEC0CEC21D90E6D003C9C7A /* RulesSetsAssembly.swift */ = {isa = PBXFileReference; lastKnownFileType = sourcecode.swift; path = RulesSetsAssembly.swift; sourceTree = "<group>"; };
		1CEC0CED21D90E6D003C9C7A /* RulesSetsInteractor.swift */ = {isa = PBXFileReference; lastKnownFileType = sourcecode.swift; path = RulesSetsInteractor.swift; sourceTree = "<group>"; };
		1CEC0CEE21D90E6D003C9C7A /* RulesSetsPresenter+QuestionsSetsInteractorOutput.swift */ = {isa = PBXFileReference; lastKnownFileType = sourcecode.swift; path = "RulesSetsPresenter+QuestionsSetsInteractorOutput.swift"; sourceTree = "<group>"; };
		1CEC0CF121D90E6D003C9C7A /* RulesSetsState.swift */ = {isa = PBXFileReference; lastKnownFileType = sourcecode.swift; path = RulesSetsState.swift; sourceTree = "<group>"; };
		1CEC0D0121D91031003C9C7A /* RulesSetsViewController.swift */ = {isa = PBXFileReference; fileEncoding = 4; lastKnownFileType = sourcecode.swift; path = RulesSetsViewController.swift; sourceTree = "<group>"; };
		1CEC0D0221D91031003C9C7A /* RulesSetsViewController.xib */ = {isa = PBXFileReference; fileEncoding = 4; lastKnownFileType = file.xib; path = RulesSetsViewController.xib; sourceTree = "<group>"; };
		1CEC0D0821D9453B003C9C7A /* TableViewManager.swift */ = {isa = PBXFileReference; fileEncoding = 4; lastKnownFileType = sourcecode.swift; path = TableViewManager.swift; sourceTree = "<group>"; };
		1CEC0D0D21DA0918003C9C7A /* TableViewItem.swift */ = {isa = PBXFileReference; lastKnownFileType = sourcecode.swift; path = TableViewItem.swift; sourceTree = "<group>"; };
		1CEC0D0F21DA0B00003C9C7A /* UITableView+Extension.swift */ = {isa = PBXFileReference; lastKnownFileType = sourcecode.swift; path = "UITableView+Extension.swift"; sourceTree = "<group>"; };
		1CEC0D1421DA0C6A003C9C7A /* RulesSetTableViewCell.swift */ = {isa = PBXFileReference; lastKnownFileType = sourcecode.swift; path = RulesSetTableViewCell.swift; sourceTree = "<group>"; };
		1CEC0D1521DA0C6A003C9C7A /* RulesSetTableViewCell.xib */ = {isa = PBXFileReference; lastKnownFileType = file.xib; path = RulesSetTableViewCell.xib; sourceTree = "<group>"; };
		1CEC0D1921DA0CC5003C9C7A /* TableViewCell.swift */ = {isa = PBXFileReference; lastKnownFileType = sourcecode.swift; path = TableViewCell.swift; sourceTree = "<group>"; };
		1CEC0D1B21DA0E39003C9C7A /* TableViewSection.swift */ = {isa = PBXFileReference; lastKnownFileType = sourcecode.swift; path = TableViewSection.swift; sourceTree = "<group>"; };
		1CEC0D2221DA1F30003C9C7A /* ExersiceConstants.swift */ = {isa = PBXFileReference; lastKnownFileType = sourcecode.swift; path = ExersiceConstants.swift; sourceTree = "<group>"; };
		1CEC0D2521DA2070003C9C7A /* RulesSetItem.swift */ = {isa = PBXFileReference; lastKnownFileType = sourcecode.swift; path = RulesSetItem.swift; sourceTree = "<group>"; };
		1CEC0D2D21DA2C73003C9C7A /* TabBarAssembly.swift */ = {isa = PBXFileReference; lastKnownFileType = sourcecode.swift; path = TabBarAssembly.swift; sourceTree = "<group>"; };
		1CFCD63721D3EA8600F9D5A8 /* Grammary.app */ = {isa = PBXFileReference; explicitFileType = wrapper.application; includeInIndex = 0; path = Grammary.app; sourceTree = BUILT_PRODUCTS_DIR; };
		1CFCD63A21D3EA8600F9D5A8 /* AppDelegate.swift */ = {isa = PBXFileReference; lastKnownFileType = sourcecode.swift; path = AppDelegate.swift; sourceTree = "<group>"; };
		1CFCD64121D3EA8700F9D5A8 /* Assets.xcassets */ = {isa = PBXFileReference; lastKnownFileType = folder.assetcatalog; path = Assets.xcassets; sourceTree = "<group>"; };
		1CFCD64421D3EA8700F9D5A8 /* Base */ = {isa = PBXFileReference; lastKnownFileType = file.storyboard; name = Base; path = Base.lproj/LaunchScreen.storyboard; sourceTree = "<group>"; };
		1CFCD64621D3EA8700F9D5A8 /* Info.plist */ = {isa = PBXFileReference; lastKnownFileType = text.plist.xml; path = Info.plist; sourceTree = "<group>"; };
		1CFCD64B21D3EA8700F9D5A8 /* GrammaryTests.xctest */ = {isa = PBXFileReference; explicitFileType = wrapper.cfbundle; includeInIndex = 0; path = GrammaryTests.xctest; sourceTree = BUILT_PRODUCTS_DIR; };
		1CFCD64F21D3EA8700F9D5A8 /* GrammaryTests.swift */ = {isa = PBXFileReference; lastKnownFileType = sourcecode.swift; path = GrammaryTests.swift; sourceTree = "<group>"; };
		1CFCD65121D3EA8700F9D5A8 /* Info.plist */ = {isa = PBXFileReference; lastKnownFileType = text.plist.xml; path = Info.plist; sourceTree = "<group>"; };
		1CFCD65621D3EA8700F9D5A8 /* GrammaryUITests.xctest */ = {isa = PBXFileReference; explicitFileType = wrapper.cfbundle; includeInIndex = 0; path = GrammaryUITests.xctest; sourceTree = BUILT_PRODUCTS_DIR; };
		1CFCD67021D3F16B00F9D5A8 /* ExercisePresenter.swift */ = {isa = PBXFileReference; lastKnownFileType = sourcecode.swift; path = ExercisePresenter.swift; sourceTree = "<group>"; };
		1CFCD67121D3F16B00F9D5A8 /* ExerciseRouter.swift */ = {isa = PBXFileReference; lastKnownFileType = sourcecode.swift; path = ExerciseRouter.swift; sourceTree = "<group>"; };
		1CFCD67221D3F16B00F9D5A8 /* ExerciseViewController.swift */ = {isa = PBXFileReference; lastKnownFileType = sourcecode.swift; path = ExerciseViewController.swift; sourceTree = "<group>"; };
		1CFCD67321D3F16B00F9D5A8 /* ExerciseProtocols.swift */ = {isa = PBXFileReference; lastKnownFileType = sourcecode.swift; path = ExerciseProtocols.swift; sourceTree = "<group>"; };
		1CFCD67421D3F16B00F9D5A8 /* ExerciseAssembly.swift */ = {isa = PBXFileReference; lastKnownFileType = sourcecode.swift; path = ExerciseAssembly.swift; sourceTree = "<group>"; };
		1CFCD67521D3F16B00F9D5A8 /* ExerciseInteractor.swift */ = {isa = PBXFileReference; lastKnownFileType = sourcecode.swift; path = ExerciseInteractor.swift; sourceTree = "<group>"; };
		1CFCD67621D3F16B00F9D5A8 /* ExercisePresenter+ExerciseInteractorOutput.swift */ = {isa = PBXFileReference; lastKnownFileType = sourcecode.swift; path = "ExercisePresenter+ExerciseInteractorOutput.swift"; sourceTree = "<group>"; };
		1CFCD67721D3F16B00F9D5A8 /* ExerciseViewController.xib */ = {isa = PBXFileReference; lastKnownFileType = file.xib; path = ExerciseViewController.xib; sourceTree = "<group>"; };
		1CFCD67821D3F16B00F9D5A8 /* ExerciseState.swift */ = {isa = PBXFileReference; lastKnownFileType = sourcecode.swift; path = ExerciseState.swift; sourceTree = "<group>"; };
		1CFCD68621D3F22400F9D5A8 /* ServisceAssembly.swift */ = {isa = PBXFileReference; lastKnownFileType = sourcecode.swift; path = ServisceAssembly.swift; sourceTree = "<group>"; };
		1CFCD68C21D3F63300F9D5A8 /* Questions.json */ = {isa = PBXFileReference; lastKnownFileType = text.json; path = Questions.json; sourceTree = "<group>"; };
		1E6E41E56F37D17CE5FB39A2 /* Pods-Grammary.debug.xcconfig */ = {isa = PBXFileReference; includeInIndex = 1; lastKnownFileType = text.xcconfig; name = "Pods-Grammary.debug.xcconfig"; path = "Pods/Target Support Files/Pods-Grammary/Pods-Grammary.debug.xcconfig"; sourceTree = "<group>"; };
		9E00FFCF37E7F3D65289CCD6 /* Pods_Grammary.framework */ = {isa = PBXFileReference; explicitFileType = wrapper.framework; includeInIndex = 0; path = Pods_Grammary.framework; sourceTree = BUILT_PRODUCTS_DIR; };
		A29495C259F55D7AFCD5604C /* Pods-GrammaryTests.release.xcconfig */ = {isa = PBXFileReference; includeInIndex = 1; lastKnownFileType = text.xcconfig; name = "Pods-GrammaryTests.release.xcconfig"; path = "Pods/Target Support Files/Pods-GrammaryTests/Pods-GrammaryTests.release.xcconfig"; sourceTree = "<group>"; };
		A52855F121DE409100228F0E /* Question.swift */ = {isa = PBXFileReference; lastKnownFileType = sourcecode.swift; path = Question.swift; sourceTree = "<group>"; };
		A55FCB4721E29580009932A2 /* RuleProgressLocalService.swift */ = {isa = PBXFileReference; lastKnownFileType = sourcecode.swift; path = RuleProgressLocalService.swift; sourceTree = "<group>"; };
		A5737A8121DCF1A90037AAFD /* ExerciseFacade.swift */ = {isa = PBXFileReference; lastKnownFileType = sourcecode.swift; path = ExerciseFacade.swift; sourceTree = "<group>"; };
		A5737A8721DCF4270037AAFD /* RuleLocalService.swift */ = {isa = PBXFileReference; lastKnownFileType = sourcecode.swift; path = RuleLocalService.swift; sourceTree = "<group>"; };
		A5737A8921DCF4B50037AAFD /* RuleNetworkService.swift */ = {isa = PBXFileReference; lastKnownFileType = sourcecode.swift; path = RuleNetworkService.swift; sourceTree = "<group>"; };
		A5737A8C21DCFB6D0037AAFD /* Array+toRealmList.swift */ = {isa = PBXFileReference; lastKnownFileType = sourcecode.swift; path = "Array+toRealmList.swift"; sourceTree = "<group>"; };
		A5737A8E21DD0C530037AAFD /* PersistenceService.swift */ = {isa = PBXFileReference; lastKnownFileType = sourcecode.swift; path = PersistenceService.swift; sourceTree = "<group>"; };
		A5737A9021DD0CF80037AAFD /* RulesSetLocalService.swift */ = {isa = PBXFileReference; lastKnownFileType = sourcecode.swift; path = RulesSetLocalService.swift; sourceTree = "<group>"; };
		A5737A9221DD0E980037AAFD /* RuleProgress.swift */ = {isa = PBXFileReference; lastKnownFileType = sourcecode.swift; path = RuleProgress.swift; sourceTree = "<group>"; };
		A5737A9721DD4FEC0037AAFD /* UIView+Extension.swift */ = {isa = PBXFileReference; lastKnownFileType = sourcecode.swift; path = "UIView+Extension.swift"; sourceTree = "<group>"; };
		A5737A9A21DD533A0037AAFD /* ExamplePresenter.swift */ = {isa = PBXFileReference; lastKnownFileType = sourcecode.swift; path = ExamplePresenter.swift; sourceTree = "<group>"; };
		A5737A9C21DD533A0037AAFD /* ExampleViewImpl.swift */ = {isa = PBXFileReference; lastKnownFileType = sourcecode.swift; path = ExampleViewImpl.swift; sourceTree = "<group>"; };
		A5737A9D21DD533A0037AAFD /* ExampleProtocols.swift */ = {isa = PBXFileReference; lastKnownFileType = sourcecode.swift; path = ExampleProtocols.swift; sourceTree = "<group>"; };
		A5737A9E21DD533A0037AAFD /* ExampleAssembly.swift */ = {isa = PBXFileReference; lastKnownFileType = sourcecode.swift; path = ExampleAssembly.swift; sourceTree = "<group>"; };
		A5737A9F21DD533A0037AAFD /* ExampleInteractor.swift */ = {isa = PBXFileReference; lastKnownFileType = sourcecode.swift; path = ExampleInteractor.swift; sourceTree = "<group>"; };
		A5737AA021DD533A0037AAFD /* ExamplePresenter+ExampleInteractorOutput.swift */ = {isa = PBXFileReference; lastKnownFileType = sourcecode.swift; path = "ExamplePresenter+ExampleInteractorOutput.swift"; sourceTree = "<group>"; };
		A5737AA321DD533A0037AAFD /* ExampleState.swift */ = {isa = PBXFileReference; lastKnownFileType = sourcecode.swift; path = ExampleState.swift; sourceTree = "<group>"; };
		A5737AB221DDDFF50037AAFD /* ExampleItem.swift */ = {isa = PBXFileReference; lastKnownFileType = sourcecode.swift; path = ExampleItem.swift; sourceTree = "<group>"; };
		A5737AB621DDE07E0037AAFD /* ExampleTableViewCell.swift */ = {isa = PBXFileReference; lastKnownFileType = sourcecode.swift; path = ExampleTableViewCell.swift; sourceTree = "<group>"; };
		A5737AB721DDE07E0037AAFD /* ExampleTableViewCell.xib */ = {isa = PBXFileReference; lastKnownFileType = file.xib; path = ExampleTableViewCell.xib; sourceTree = "<group>"; };
		A59DD98121E2891F004947F3 /* QuestionItem.swift */ = {isa = PBXFileReference; lastKnownFileType = sourcecode.swift; path = QuestionItem.swift; sourceTree = "<group>"; };
		E7B6580EFD1D79AA24C365E4 /* Pods-GrammaryTests.debug.xcconfig */ = {isa = PBXFileReference; includeInIndex = 1; lastKnownFileType = text.xcconfig; name = "Pods-GrammaryTests.debug.xcconfig"; path = "Pods/Target Support Files/Pods-GrammaryTests/Pods-GrammaryTests.debug.xcconfig"; sourceTree = "<group>"; };
		F0C03043C60CC1AB618903F7 /* Pods-Grammary.release.xcconfig */ = {isa = PBXFileReference; includeInIndex = 1; lastKnownFileType = text.xcconfig; name = "Pods-Grammary.release.xcconfig"; path = "Pods/Target Support Files/Pods-Grammary/Pods-Grammary.release.xcconfig"; sourceTree = "<group>"; };
/* End PBXFileReference section */

/* Begin PBXFrameworksBuildPhase section */
		1CFCD63421D3EA8600F9D5A8 /* Frameworks */ = {
			isa = PBXFrameworksBuildPhase;
			buildActionMask = 2147483647;
			files = (
				07DCEF0B6E4AB4534D627D95 /* Pods_Grammary.framework in Frameworks */,
			);
			runOnlyForDeploymentPostprocessing = 0;
		};
		1CFCD64821D3EA8700F9D5A8 /* Frameworks */ = {
			isa = PBXFrameworksBuildPhase;
			buildActionMask = 2147483647;
			files = (
				767BDCACCB3E33D4190B72B9 /* Pods_GrammaryTests.framework in Frameworks */,
			);
			runOnlyForDeploymentPostprocessing = 0;
		};
		1CFCD65321D3EA8700F9D5A8 /* Frameworks */ = {
			isa = PBXFrameworksBuildPhase;
			buildActionMask = 2147483647;
			files = (
			);
			runOnlyForDeploymentPostprocessing = 0;
		};
/* End PBXFrameworksBuildPhase section */

/* Begin PBXGroup section */
		156D528E73EF85B67F64E4EA /* Frameworks */ = {
			isa = PBXGroup;
			children = (
				9E00FFCF37E7F3D65289CCD6 /* Pods_Grammary.framework */,
				016CD9D33B14FC8A3318145C /* Pods_GrammaryTests.framework */,
			);
			name = Frameworks;
			sourceTree = "<group>";
		};
		1CEC0CD921D40151003C9C7A /* Models */ = {
			isa = PBXGroup;
			children = (
				1CEC0CDC21D40290003C9C7A /* Rule */,
			);
			path = Models;
			sourceTree = "<group>";
		};
		1CEC0CDC21D40290003C9C7A /* Rule */ = {
			isa = PBXGroup;
			children = (
				1CEC0CE521D90CFB003C9C7A /* RulesSet.swift */,
				A5737A9221DD0E980037AAFD /* RuleProgress.swift */,
				1CEC0CDA21D4015D003C9C7A /* Rule.swift */,
				1CEC0CDD21D402A1003C9C7A /* RuleExample.swift */,
				A52855F121DE409100228F0E /* Question.swift */,
				1CEC0CDF21D402AD003C9C7A /* Answer.swift */,
			);
			path = Rule;
			sourceTree = "<group>";
		};
		1CEC0CE121D905A3003C9C7A /* Common */ = {
			isa = PBXGroup;
			children = (
				1CEC0D2721DA29C9003C9C7A /* TableViewManager */,
				1CEC0D0B21D94579003C9C7A /* Extensions */,
				1CEC0D0A21D9456E003C9C7A /* Constants */,
			);
			path = Common;
			sourceTree = "<group>";
		};
		1CEC0CE721D90E49003C9C7A /* RulesSetsModule */ = {
			isa = PBXGroup;
			children = (
				1CEC0CEC21D90E6D003C9C7A /* RulesSetsAssembly.swift */,
				1CEC0CED21D90E6D003C9C7A /* RulesSetsInteractor.swift */,
				1CEC0CFC21D90E79003C9C7A /* RulesSetsPresenter */,
				1CEC0CEB21D90E6D003C9C7A /* RulesSetsProtocols.swift */,
				1CEC0CE921D90E6D003C9C7A /* RulesSetsRouter.swift */,
				1CEC0CFF21D91031003C9C7A /* RulesSetsView */,
			);
			path = RulesSetsModule;
			sourceTree = "<group>";
		};
		1CEC0CFC21D90E79003C9C7A /* RulesSetsPresenter */ = {
			isa = PBXGroup;
			children = (
				1CEC0CFD21D90E83003C9C7A /* State */,
				1CEC0CE821D90E6D003C9C7A /* RulesSetsPresenter.swift */,
				1CEC0CEE21D90E6D003C9C7A /* RulesSetsPresenter+QuestionsSetsInteractorOutput.swift */,
			);
			path = RulesSetsPresenter;
			sourceTree = "<group>";
		};
		1CEC0CFD21D90E83003C9C7A /* State */ = {
			isa = PBXGroup;
			children = (
				1CEC0D2421DA2063003C9C7A /* Items */,
				1CEC0CF121D90E6D003C9C7A /* RulesSetsState.swift */,
			);
			path = State;
			sourceTree = "<group>";
		};
		1CEC0CFF21D91031003C9C7A /* RulesSetsView */ = {
			isa = PBXGroup;
			children = (
				1CEC0D0721D9453B003C9C7A /* TableView */,
				1CEC0D0121D91031003C9C7A /* RulesSetsViewController.swift */,
				1CEC0D0221D91031003C9C7A /* RulesSetsViewController.xib */,
			);
			path = RulesSetsView;
			sourceTree = "<group>";
		};
		1CEC0D0721D9453B003C9C7A /* TableView */ = {
			isa = PBXGroup;
			children = (
				1CEC0D1321DA0C4C003C9C7A /* Cells */,
			);
			path = TableView;
			sourceTree = "<group>";
		};
		1CEC0D0A21D9456E003C9C7A /* Constants */ = {
			isa = PBXGroup;
			children = (
				1CEC0CE321D905C0003C9C7A /* PresentationConstants.swift */,
			);
			path = Constants;
			sourceTree = "<group>";
		};
		1CEC0D0B21D94579003C9C7A /* Extensions */ = {
			isa = PBXGroup;
			children = (
				1CEC0D0F21DA0B00003C9C7A /* UITableView+Extension.swift */,
				A5737A9721DD4FEC0037AAFD /* UIView+Extension.swift */,
			);
			path = Extensions;
			sourceTree = "<group>";
		};
		1CEC0D0C21D9464E003C9C7A /* Protocols */ = {
			isa = PBXGroup;
			children = (
				1CEC0D0D21DA0918003C9C7A /* TableViewItem.swift */,
				1CEC0D1921DA0CC5003C9C7A /* TableViewCell.swift */,
				1CEC0D1B21DA0E39003C9C7A /* TableViewSection.swift */,
			);
			path = Protocols;
			sourceTree = "<group>";
		};
		1CEC0D1321DA0C4C003C9C7A /* Cells */ = {
			isa = PBXGroup;
			children = (
				1CEC0D1821DA0C70003C9C7A /* RulesSetTableViewCell */,
			);
			path = Cells;
			sourceTree = "<group>";
		};
		1CEC0D1821DA0C70003C9C7A /* RulesSetTableViewCell */ = {
			isa = PBXGroup;
			children = (
				1CEC0D1421DA0C6A003C9C7A /* RulesSetTableViewCell.swift */,
				1CEC0D1521DA0C6A003C9C7A /* RulesSetTableViewCell.xib */,
			);
			path = RulesSetTableViewCell;
			sourceTree = "<group>";
		};
		1CEC0D2021DA1F0E003C9C7A /* Common */ = {
			isa = PBXGroup;
			children = (
				1CEC0D2121DA1F1F003C9C7A /* Constants */,
			);
			path = Common;
			sourceTree = "<group>";
		};
		1CEC0D2121DA1F1F003C9C7A /* Constants */ = {
			isa = PBXGroup;
			children = (
				1CEC0D2221DA1F30003C9C7A /* ExersiceConstants.swift */,
			);
			path = Constants;
			sourceTree = "<group>";
		};
		1CEC0D2421DA2063003C9C7A /* Items */ = {
			isa = PBXGroup;
			children = (
				1CEC0D2521DA2070003C9C7A /* RulesSetItem.swift */,
			);
			path = Items;
			sourceTree = "<group>";
		};
		1CEC0D2721DA29C9003C9C7A /* TableViewManager */ = {
			isa = PBXGroup;
			children = (
				1CEC0D0C21D9464E003C9C7A /* Protocols */,
				1CEC0D0821D9453B003C9C7A /* TableViewManager.swift */,
			);
			path = TableViewManager;
			sourceTree = "<group>";
		};
		1CEC0D2821DA2C49003C9C7A /* TabBarModule */ = {
			isa = PBXGroup;
			children = (
				1CEC0D2D21DA2C73003C9C7A /* TabBarAssembly.swift */,
			);
			path = TabBarModule;
			sourceTree = "<group>";
		};
		1CFCD62E21D3EA8600F9D5A8 = {
			isa = PBXGroup;
			children = (
				1CFCD63921D3EA8600F9D5A8 /* Grammary */,
				1CFCD64E21D3EA8700F9D5A8 /* GrammaryTests */,
				1CFCD63821D3EA8600F9D5A8 /* Products */,
				87ED60651FAE85E28986DAFF /* Pods */,
				156D528E73EF85B67F64E4EA /* Frameworks */,
			);
			sourceTree = "<group>";
		};
		1CFCD63821D3EA8600F9D5A8 /* Products */ = {
			isa = PBXGroup;
			children = (
				1CFCD63721D3EA8600F9D5A8 /* Grammary.app */,
				1CFCD64B21D3EA8700F9D5A8 /* GrammaryTests.xctest */,
				1CFCD65621D3EA8700F9D5A8 /* GrammaryUITests.xctest */,
			);
			name = Products;
			sourceTree = "<group>";
		};
		1CFCD63921D3EA8600F9D5A8 /* Grammary */ = {
			isa = PBXGroup;
			children = (
				1CFCD66A21D3EFF500F9D5A8 /* Application Layer */,
				1CFCD66B21D3F00300F9D5A8 /* Core Layer */,
				1CFCD66C21D3F00F00F9D5A8 /* Business Logic Layer */,
				1CFCD66821D3EFD100F9D5A8 /* Presentation Layer */,
			);
			path = Grammary;
			sourceTree = "<group>";
		};
		1CFCD64E21D3EA8700F9D5A8 /* GrammaryTests */ = {
			isa = PBXGroup;
			children = (
				1CFCD64F21D3EA8700F9D5A8 /* GrammaryTests.swift */,
				1CFCD65121D3EA8700F9D5A8 /* Info.plist */,
			);
			path = GrammaryTests;
			sourceTree = "<group>";
		};
		1CFCD66821D3EFD100F9D5A8 /* Presentation Layer */ = {
			isa = PBXGroup;
			children = (
				1CEC0CE121D905A3003C9C7A /* Common */,
				1CFCD66921D3EFE000F9D5A8 /* Main Component */,
			);
			path = "Presentation Layer";
			sourceTree = "<group>";
		};
		1CFCD66921D3EFE000F9D5A8 /* Main Component */ = {
			isa = PBXGroup;
			children = (
				1CEC0D2821DA2C49003C9C7A /* TabBarModule */,
				1CEC0CE721D90E49003C9C7A /* RulesSetsModule */,
				A55FCB4921E2F5C3009932A2 /* RulesSetInfoModule */,
				1CFCD68221D3F16F00F9D5A8 /* ExerciseModule */,
			);
			path = "Main Component";
			sourceTree = "<group>";
		};
		1CFCD66A21D3EFF500F9D5A8 /* Application Layer */ = {
			isa = PBXGroup;
			children = (
				1CFCD66F21D3F04400F9D5A8 /* AppDelegate */,
				1CFCD66E21D3F03D00F9D5A8 /* Plists */,
				1CFCD66D21D3F03100F9D5A8 /* Resources */,
			);
			path = "Application Layer";
			sourceTree = "<group>";
		};
		1CFCD66B21D3F00300F9D5A8 /* Core Layer */ = {
			isa = PBXGroup;
			children = (
				A5737A8B21DCFB520037AAFD /* Extensions */,
				1CEC0CD721D4007D003C9C7A /* AnswersParser.swift */,
				1CFCD68621D3F22400F9D5A8 /* ServisceAssembly.swift */,
				A5737A8E21DD0C530037AAFD /* PersistenceService.swift */,
			);
			path = "Core Layer";
			sourceTree = "<group>";
		};
		1CFCD66C21D3F00F00F9D5A8 /* Business Logic Layer */ = {
			isa = PBXGroup;
			children = (
				A5737A8021DCF19A0037AAFD /* Facades */,
				A5737A7F21DCF18C0037AAFD /* Services */,
				1CEC0CD921D40151003C9C7A /* Models */,
				1CEC0D2021DA1F0E003C9C7A /* Common */,
			);
			path = "Business Logic Layer";
			sourceTree = "<group>";
		};
		1CFCD66D21D3F03100F9D5A8 /* Resources */ = {
			isa = PBXGroup;
			children = (
				1CFCD64121D3EA8700F9D5A8 /* Assets.xcassets */,
				1CFCD64321D3EA8700F9D5A8 /* LaunchScreen.storyboard */,
				1CFCD68C21D3F63300F9D5A8 /* Questions.json */,
			);
			path = Resources;
			sourceTree = "<group>";
		};
		1CFCD66E21D3F03D00F9D5A8 /* Plists */ = {
			isa = PBXGroup;
			children = (
				1CFCD64621D3EA8700F9D5A8 /* Info.plist */,
			);
			path = Plists;
			sourceTree = "<group>";
		};
		1CFCD66F21D3F04400F9D5A8 /* AppDelegate */ = {
			isa = PBXGroup;
			children = (
				1CFCD63A21D3EA8600F9D5A8 /* AppDelegate.swift */,
			);
			path = AppDelegate;
			sourceTree = "<group>";
		};
		1CFCD68221D3F16F00F9D5A8 /* ExerciseModule */ = {
			isa = PBXGroup;
			children = (
				1CFCD67421D3F16B00F9D5A8 /* ExerciseAssembly.swift */,
				1CFCD67521D3F16B00F9D5A8 /* ExerciseInteractor.swift */,
				1CFCD68321D3F18B00F9D5A8 /* ExercisePresenter */,
				1CFCD67321D3F16B00F9D5A8 /* ExerciseProtocols.swift */,
				1CFCD67121D3F16B00F9D5A8 /* ExerciseRouter.swift */,
				1CFCD68421D3F1A000F9D5A8 /* ExerciseView */,
			);
			path = ExerciseModule;
			sourceTree = "<group>";
		};
		1CFCD68321D3F18B00F9D5A8 /* ExercisePresenter */ = {
			isa = PBXGroup;
			children = (
				1CFCD68521D3F1A800F9D5A8 /* State */,
				1CFCD67021D3F16B00F9D5A8 /* ExercisePresenter.swift */,
				1CFCD67621D3F16B00F9D5A8 /* ExercisePresenter+ExerciseInteractorOutput.swift */,
			);
			path = ExercisePresenter;
			sourceTree = "<group>";
		};
		1CFCD68421D3F1A000F9D5A8 /* ExerciseView */ = {
			isa = PBXGroup;
			children = (
				A5737A9421DD4F280037AAFD /* SubModules */,
				1CFCD67221D3F16B00F9D5A8 /* ExerciseViewController.swift */,
				1CFCD67721D3F16B00F9D5A8 /* ExerciseViewController.xib */,
			);
			path = ExerciseView;
			sourceTree = "<group>";
		};
		1CFCD68521D3F1A800F9D5A8 /* State */ = {
			isa = PBXGroup;
			children = (
				1CFCD67821D3F16B00F9D5A8 /* ExerciseState.swift */,
				A59DD98121E2891F004947F3 /* QuestionItem.swift */,
			);
			path = State;
			sourceTree = "<group>";
		};
		87ED60651FAE85E28986DAFF /* Pods */ = {
			isa = PBXGroup;
			children = (
				1E6E41E56F37D17CE5FB39A2 /* Pods-Grammary.debug.xcconfig */,
				F0C03043C60CC1AB618903F7 /* Pods-Grammary.release.xcconfig */,
				E7B6580EFD1D79AA24C365E4 /* Pods-GrammaryTests.debug.xcconfig */,
				A29495C259F55D7AFCD5604C /* Pods-GrammaryTests.release.xcconfig */,
			);
			name = Pods;
			sourceTree = "<group>";
		};
		A55FCB4921E2F5C3009932A2 /* RulesSetInfoModule */ = {
			isa = PBXGroup;
			children = (
			);
			path = RulesSetInfoModule;
			sourceTree = "<group>";
		};
		A5737A7F21DCF18C0037AAFD /* Services */ = {
			isa = PBXGroup;
			children = (
				A5737A8721DCF4270037AAFD /* RuleLocalService.swift */,
				A5737A8921DCF4B50037AAFD /* RuleNetworkService.swift */,
				A5737A9021DD0CF80037AAFD /* RulesSetLocalService.swift */,
				A55FCB4721E29580009932A2 /* RuleProgressLocalService.swift */,
			);
			path = Services;
			sourceTree = "<group>";
		};
		A5737A8021DCF19A0037AAFD /* Facades */ = {
			isa = PBXGroup;
			children = (
				A5737A8121DCF1A90037AAFD /* ExerciseFacade.swift */,
			);
			path = Facades;
			sourceTree = "<group>";
		};
		A5737A8B21DCFB520037AAFD /* Extensions */ = {
			isa = PBXGroup;
			children = (
				A5737A8C21DCFB6D0037AAFD /* Array+toRealmList.swift */,
			);
			path = Extensions;
			sourceTree = "<group>";
		};
		A5737A9421DD4F280037AAFD /* SubModules */ = {
			isa = PBXGroup;
			children = (
				A5737A9921DD53070037AAFD /* ExampleModule */,
			);
			path = SubModules;
			sourceTree = "<group>";
		};
		A5737A9921DD53070037AAFD /* ExampleModule */ = {
			isa = PBXGroup;
			children = (
				A5737A9E21DD533A0037AAFD /* ExampleAssembly.swift */,
				A5737A9F21DD533A0037AAFD /* ExampleInteractor.swift */,
				A5737AAE21DD53470037AAFD /* ExamplePresenter */,
				A5737A9D21DD533A0037AAFD /* ExampleProtocols.swift */,
				A5737AB021DD53660037AAFD /* ExampleView */,
			);
			path = ExampleModule;
			sourceTree = "<group>";
		};
		A5737AAE21DD53470037AAFD /* ExamplePresenter */ = {
			isa = PBXGroup;
			children = (
				A5737AAF21DD53560037AAFD /* State */,
				A5737A9A21DD533A0037AAFD /* ExamplePresenter.swift */,
				A5737AA021DD533A0037AAFD /* ExamplePresenter+ExampleInteractorOutput.swift */,
			);
			path = ExamplePresenter;
			sourceTree = "<group>";
		};
		A5737AAF21DD53560037AAFD /* State */ = {
			isa = PBXGroup;
			children = (
				A5737AB121DDDFCF0037AAFD /* Items */,
				A5737AA321DD533A0037AAFD /* ExampleState.swift */,
			);
			path = State;
			sourceTree = "<group>";
		};
		A5737AB021DD53660037AAFD /* ExampleView */ = {
			isa = PBXGroup;
			children = (
				A5737AB521DDE04F0037AAFD /* TableView */,
				A5737A9C21DD533A0037AAFD /* ExampleViewImpl.swift */,
			);
			path = ExampleView;
			sourceTree = "<group>";
		};
		A5737AB121DDDFCF0037AAFD /* Items */ = {
			isa = PBXGroup;
			children = (
				A5737AB221DDDFF50037AAFD /* ExampleItem.swift */,
			);
			path = Items;
			sourceTree = "<group>";
		};
		A5737AB421DDE02F0037AAFD /* Cells */ = {
			isa = PBXGroup;
			children = (
				A5737AB621DDE07E0037AAFD /* ExampleTableViewCell.swift */,
				A5737AB721DDE07E0037AAFD /* ExampleTableViewCell.xib */,
			);
			path = Cells;
			sourceTree = "<group>";
		};
		A5737AB521DDE04F0037AAFD /* TableView */ = {
			isa = PBXGroup;
			children = (
				A5737AB421DDE02F0037AAFD /* Cells */,
			);
			path = TableView;
			sourceTree = "<group>";
		};
/* End PBXGroup section */

/* Begin PBXNativeTarget section */
		1CFCD63621D3EA8600F9D5A8 /* Grammary */ = {
			isa = PBXNativeTarget;
			buildConfigurationList = 1CFCD65F21D3EA8700F9D5A8 /* Build configuration list for PBXNativeTarget "Grammary" */;
			buildPhases = (
				3CFAC73EC5C433D2AD99054F /* [CP] Check Pods Manifest.lock */,
				1CFCD63321D3EA8600F9D5A8 /* Sources */,
				1CFCD63421D3EA8600F9D5A8 /* Frameworks */,
				1CFCD63521D3EA8600F9D5A8 /* Resources */,
				EEB493EBCE1015B66619A7F5 /* [CP] Embed Pods Frameworks */,
			);
			buildRules = (
			);
			dependencies = (
			);
			name = Grammary;
			productName = Grammary;
			productReference = 1CFCD63721D3EA8600F9D5A8 /* Grammary.app */;
			productType = "com.apple.product-type.application";
		};
		1CFCD64A21D3EA8700F9D5A8 /* GrammaryTests */ = {
			isa = PBXNativeTarget;
			buildConfigurationList = 1CFCD66221D3EA8700F9D5A8 /* Build configuration list for PBXNativeTarget "GrammaryTests" */;
			buildPhases = (
				7E628535D69B22451E36E369 /* [CP] Check Pods Manifest.lock */,
				1CFCD64721D3EA8700F9D5A8 /* Sources */,
				1CFCD64821D3EA8700F9D5A8 /* Frameworks */,
				1CFCD64921D3EA8700F9D5A8 /* Resources */,
			);
			buildRules = (
			);
			dependencies = (
				1CFCD64D21D3EA8700F9D5A8 /* PBXTargetDependency */,
			);
			name = GrammaryTests;
			productName = GrammaryTests;
			productReference = 1CFCD64B21D3EA8700F9D5A8 /* GrammaryTests.xctest */;
			productType = "com.apple.product-type.bundle.unit-test";
		};
		1CFCD65521D3EA8700F9D5A8 /* GrammaryUITests */ = {
			isa = PBXNativeTarget;
			buildConfigurationList = 1CFCD66521D3EA8700F9D5A8 /* Build configuration list for PBXNativeTarget "GrammaryUITests" */;
			buildPhases = (
				1CFCD65221D3EA8700F9D5A8 /* Sources */,
				1CFCD65321D3EA8700F9D5A8 /* Frameworks */,
				1CFCD65421D3EA8700F9D5A8 /* Resources */,
			);
			buildRules = (
			);
			dependencies = (
				1CFCD65821D3EA8700F9D5A8 /* PBXTargetDependency */,
			);
			name = GrammaryUITests;
			productName = GrammaryUITests;
			productReference = 1CFCD65621D3EA8700F9D5A8 /* GrammaryUITests.xctest */;
			productType = "com.apple.product-type.bundle.ui-testing";
		};
/* End PBXNativeTarget section */

/* Begin PBXProject section */
		1CFCD62F21D3EA8600F9D5A8 /* Project object */ = {
			isa = PBXProject;
			attributes = {
				LastSwiftUpdateCheck = 1010;
				LastUpgradeCheck = 1010;
				ORGANIZATIONNAME = "Сергей Гребеножко";
				TargetAttributes = {
					1CFCD63621D3EA8600F9D5A8 = {
						CreatedOnToolsVersion = 10.1;
					};
					1CFCD64A21D3EA8700F9D5A8 = {
						CreatedOnToolsVersion = 10.1;
						TestTargetID = 1CFCD63621D3EA8600F9D5A8;
					};
					1CFCD65521D3EA8700F9D5A8 = {
						CreatedOnToolsVersion = 10.1;
						TestTargetID = 1CFCD63621D3EA8600F9D5A8;
					};
				};
			};
			buildConfigurationList = 1CFCD63221D3EA8600F9D5A8 /* Build configuration list for PBXProject "Grammary" */;
			compatibilityVersion = "Xcode 9.3";
			developmentRegion = en;
			hasScannedForEncodings = 0;
			knownRegions = (
				en,
				Base,
			);
			mainGroup = 1CFCD62E21D3EA8600F9D5A8;
			productRefGroup = 1CFCD63821D3EA8600F9D5A8 /* Products */;
			projectDirPath = "";
			projectRoot = "";
			targets = (
				1CFCD63621D3EA8600F9D5A8 /* Grammary */,
				1CFCD64A21D3EA8700F9D5A8 /* GrammaryTests */,
				1CFCD65521D3EA8700F9D5A8 /* GrammaryUITests */,
			);
		};
/* End PBXProject section */

/* Begin PBXResourcesBuildPhase section */
		1CFCD63521D3EA8600F9D5A8 /* Resources */ = {
			isa = PBXResourcesBuildPhase;
			buildActionMask = 2147483647;
			files = (
				1CEC0D1721DA0C6A003C9C7A /* RulesSetTableViewCell.xib in Resources */,
				1CFCD64521D3EA8700F9D5A8 /* LaunchScreen.storyboard in Resources */,
				1CEC0D0521D91031003C9C7A /* RulesSetsViewController.xib in Resources */,
				1CFCD68021D3F16B00F9D5A8 /* ExerciseViewController.xib in Resources */,
				A5737AB921DDE07E0037AAFD /* ExampleTableViewCell.xib in Resources */,
				1CFCD64221D3EA8700F9D5A8 /* Assets.xcassets in Resources */,
			);
			runOnlyForDeploymentPostprocessing = 0;
		};
		1CFCD64921D3EA8700F9D5A8 /* Resources */ = {
			isa = PBXResourcesBuildPhase;
			buildActionMask = 2147483647;
			files = (
			);
			runOnlyForDeploymentPostprocessing = 0;
		};
		1CFCD65421D3EA8700F9D5A8 /* Resources */ = {
			isa = PBXResourcesBuildPhase;
			buildActionMask = 2147483647;
			files = (
			);
			runOnlyForDeploymentPostprocessing = 0;
		};
/* End PBXResourcesBuildPhase section */

/* Begin PBXShellScriptBuildPhase section */
		3CFAC73EC5C433D2AD99054F /* [CP] Check Pods Manifest.lock */ = {
			isa = PBXShellScriptBuildPhase;
			buildActionMask = 2147483647;
			files = (
			);
			inputFileListPaths = (
			);
			inputPaths = (
				"${PODS_PODFILE_DIR_PATH}/Podfile.lock",
				"${PODS_ROOT}/Manifest.lock",
			);
			name = "[CP] Check Pods Manifest.lock";
			outputFileListPaths = (
			);
			outputPaths = (
				"$(DERIVED_FILE_DIR)/Pods-Grammary-checkManifestLockResult.txt",
			);
			runOnlyForDeploymentPostprocessing = 0;
			shellPath = /bin/sh;
			shellScript = "diff \"${PODS_PODFILE_DIR_PATH}/Podfile.lock\" \"${PODS_ROOT}/Manifest.lock\" > /dev/null\nif [ $? != 0 ] ; then\n    # print error to STDERR\n    echo \"error: The sandbox is not in sync with the Podfile.lock. Run 'pod install' or update your CocoaPods installation.\" >&2\n    exit 1\nfi\n# This output is used by Xcode 'outputs' to avoid re-running this script phase.\necho \"SUCCESS\" > \"${SCRIPT_OUTPUT_FILE_0}\"\n";
			showEnvVarsInLog = 0;
		};
		7E628535D69B22451E36E369 /* [CP] Check Pods Manifest.lock */ = {
			isa = PBXShellScriptBuildPhase;
			buildActionMask = 2147483647;
			files = (
			);
			inputFileListPaths = (
			);
			inputPaths = (
				"${PODS_PODFILE_DIR_PATH}/Podfile.lock",
				"${PODS_ROOT}/Manifest.lock",
			);
			name = "[CP] Check Pods Manifest.lock";
			outputFileListPaths = (
			);
			outputPaths = (
				"$(DERIVED_FILE_DIR)/Pods-GrammaryTests-checkManifestLockResult.txt",
			);
			runOnlyForDeploymentPostprocessing = 0;
			shellPath = /bin/sh;
			shellScript = "diff \"${PODS_PODFILE_DIR_PATH}/Podfile.lock\" \"${PODS_ROOT}/Manifest.lock\" > /dev/null\nif [ $? != 0 ] ; then\n    # print error to STDERR\n    echo \"error: The sandbox is not in sync with the Podfile.lock. Run 'pod install' or update your CocoaPods installation.\" >&2\n    exit 1\nfi\n# This output is used by Xcode 'outputs' to avoid re-running this script phase.\necho \"SUCCESS\" > \"${SCRIPT_OUTPUT_FILE_0}\"\n";
			showEnvVarsInLog = 0;
		};
		EEB493EBCE1015B66619A7F5 /* [CP] Embed Pods Frameworks */ = {
			isa = PBXShellScriptBuildPhase;
			buildActionMask = 2147483647;
			files = (
			);
			inputFileListPaths = (
			);
			inputPaths = (
				"${PODS_ROOT}/Target Support Files/Pods-Grammary/Pods-Grammary-frameworks.sh",
				"${BUILT_PRODUCTS_DIR}/Realm/Realm.framework",
				"${BUILT_PRODUCTS_DIR}/RealmSwift/RealmSwift.framework",
				"${BUILT_PRODUCTS_DIR}/SnapKit/SnapKit.framework",
			);
			name = "[CP] Embed Pods Frameworks";
			outputFileListPaths = (
			);
			outputPaths = (
				"${TARGET_BUILD_DIR}/${FRAMEWORKS_FOLDER_PATH}/Realm.framework",
				"${TARGET_BUILD_DIR}/${FRAMEWORKS_FOLDER_PATH}/RealmSwift.framework",
				"${TARGET_BUILD_DIR}/${FRAMEWORKS_FOLDER_PATH}/SnapKit.framework",
			);
			runOnlyForDeploymentPostprocessing = 0;
			shellPath = /bin/sh;
			shellScript = "\"${PODS_ROOT}/Target Support Files/Pods-Grammary/Pods-Grammary-frameworks.sh\"\n";
			showEnvVarsInLog = 0;
		};
/* End PBXShellScriptBuildPhase section */

/* Begin PBXSourcesBuildPhase section */
		1CFCD63321D3EA8600F9D5A8 /* Sources */ = {
			isa = PBXSourcesBuildPhase;
			buildActionMask = 2147483647;
			files = (
				1CFCD67F21D3F16B00F9D5A8 /* ExercisePresenter+ExerciseInteractorOutput.swift in Sources */,
				1CEC0D2621DA2070003C9C7A /* RulesSetItem.swift in Sources */,
				1CEC0CF221D90E6D003C9C7A /* RulesSetsPresenter.swift in Sources */,
				A52855F221DE409100228F0E /* Question.swift in Sources */,
				1CFCD68121D3F16B00F9D5A8 /* ExerciseState.swift in Sources */,
				1CFCD67A21D3F16B00F9D5A8 /* ExerciseRouter.swift in Sources */,
				1CEC0CF621D90E6D003C9C7A /* RulesSetsAssembly.swift in Sources */,
				A5737AA821DD533A0037AAFD /* ExampleAssembly.swift in Sources */,
				1CEC0CE021D402AD003C9C7A /* Answer.swift in Sources */,
				A5737A8D21DCFB6D0037AAFD /* Array+toRealmList.swift in Sources */,
				1CEC0CE621D90CFB003C9C7A /* RulesSet.swift in Sources */,
				1CEC0CDE21D402A1003C9C7A /* RuleExample.swift in Sources */,
				A5737A9121DD0CF80037AAFD /* RulesSetLocalService.swift in Sources */,
				1CEC0D1621DA0C6A003C9C7A /* RulesSetTableViewCell.swift in Sources */,
				A5737A8F21DD0C530037AAFD /* PersistenceService.swift in Sources */,
				A5737A8A21DCF4B50037AAFD /* RuleNetworkService.swift in Sources */,
				1CEC0D1C21DA0E39003C9C7A /* TableViewSection.swift in Sources */,
				1CEC0D2321DA1F30003C9C7A /* ExersiceConstants.swift in Sources */,
				A5737A8821DCF4270037AAFD /* RuleLocalService.swift in Sources */,
				1CFCD67D21D3F16B00F9D5A8 /* ExerciseAssembly.swift in Sources */,
				1CFCD67B21D3F16B00F9D5A8 /* ExerciseViewController.swift in Sources */,
				1CEC0CF821D90E6D003C9C7A /* RulesSetsPresenter+QuestionsSetsInteractorOutput.swift in Sources */,
				A5737AB321DDDFF50037AAFD /* ExampleItem.swift in Sources */,
				1CEC0CF521D90E6D003C9C7A /* RulesSetsProtocols.swift in Sources */,
				A5737AAD21DD533A0037AAFD /* ExampleState.swift in Sources */,
				A5737AA721DD533A0037AAFD /* ExampleProtocols.swift in Sources */,
				1CFCD67921D3F16B00F9D5A8 /* ExercisePresenter.swift in Sources */,
				A5737A9321DD0E980037AAFD /* RuleProgress.swift in Sources */,
				1CEC0D1A21DA0CC5003C9C7A /* TableViewCell.swift in Sources */,
				A55FCB4821E29580009932A2 /* RuleProgressLocalService.swift in Sources */,
				1CEC0D1021DA0B00003C9C7A /* UITableView+Extension.swift in Sources */,
				A5737AA421DD533A0037AAFD /* ExamplePresenter.swift in Sources */,
				1CEC0CFB21D90E6D003C9C7A /* RulesSetsState.swift in Sources */,
				A59DD98221E2891F004947F3 /* QuestionItem.swift in Sources */,
				1CEC0CD821D4007D003C9C7A /* AnswersParser.swift in Sources */,
				1CEC0CE421D905C0003C9C7A /* PresentationConstants.swift in Sources */,
				A5737AAA21DD533A0037AAFD /* ExamplePresenter+ExampleInteractorOutput.swift in Sources */,
				1CFCD63B21D3EA8600F9D5A8 /* AppDelegate.swift in Sources */,
				1CEC0D0421D91031003C9C7A /* RulesSetsViewController.swift in Sources */,
				A5737AB821DDE07E0037AAFD /* ExampleTableViewCell.swift in Sources */,
				1CEC0D0921D9453B003C9C7A /* TableViewManager.swift in Sources */,
				A5737AA621DD533A0037AAFD /* ExampleViewImpl.swift in Sources */,
				1CFCD67E21D3F16B00F9D5A8 /* ExerciseInteractor.swift in Sources */,
				1CEC0D0E21DA0918003C9C7A /* TableViewItem.swift in Sources */,
				1CEC0CDB21D4015D003C9C7A /* Rule.swift in Sources */,
				A5737AA921DD533A0037AAFD /* ExampleInteractor.swift in Sources */,
				1CEC0CF321D90E6D003C9C7A /* RulesSetsRouter.swift in Sources */,
				A5737A9821DD4FEC0037AAFD /* UIView+Extension.swift in Sources */,
				A5737A8221DCF1A90037AAFD /* ExerciseFacade.swift in Sources */,
				1CEC0D3621DA2C73003C9C7A /* TabBarAssembly.swift in Sources */,
				1CEC0CF721D90E6D003C9C7A /* RulesSetsInteractor.swift in Sources */,
				1CFCD67C21D3F16B00F9D5A8 /* ExerciseProtocols.swift in Sources */,
				1CFCD68721D3F22400F9D5A8 /* ServisceAssembly.swift in Sources */,
			);
			runOnlyForDeploymentPostprocessing = 0;
		};
		1CFCD64721D3EA8700F9D5A8 /* Sources */ = {
			isa = PBXSourcesBuildPhase;
			buildActionMask = 2147483647;
			files = (
				1CFCD65021D3EA8700F9D5A8 /* GrammaryTests.swift in Sources */,
			);
			runOnlyForDeploymentPostprocessing = 0;
		};
		1CFCD65221D3EA8700F9D5A8 /* Sources */ = {
			isa = PBXSourcesBuildPhase;
			buildActionMask = 2147483647;
			files = (
			);
			runOnlyForDeploymentPostprocessing = 0;
		};
/* End PBXSourcesBuildPhase section */

/* Begin PBXTargetDependency section */
		1CFCD64D21D3EA8700F9D5A8 /* PBXTargetDependency */ = {
			isa = PBXTargetDependency;
			target = 1CFCD63621D3EA8600F9D5A8 /* Grammary */;
			targetProxy = 1CFCD64C21D3EA8700F9D5A8 /* PBXContainerItemProxy */;
		};
		1CFCD65821D3EA8700F9D5A8 /* PBXTargetDependency */ = {
			isa = PBXTargetDependency;
			target = 1CFCD63621D3EA8600F9D5A8 /* Grammary */;
			targetProxy = 1CFCD65721D3EA8700F9D5A8 /* PBXContainerItemProxy */;
		};
/* End PBXTargetDependency section */

/* Begin PBXVariantGroup section */
		1CFCD64321D3EA8700F9D5A8 /* LaunchScreen.storyboard */ = {
			isa = PBXVariantGroup;
			children = (
				1CFCD64421D3EA8700F9D5A8 /* Base */,
			);
			name = LaunchScreen.storyboard;
			sourceTree = "<group>";
		};
/* End PBXVariantGroup section */

/* Begin XCBuildConfiguration section */
		1CFCD65D21D3EA8700F9D5A8 /* Debug */ = {
			isa = XCBuildConfiguration;
			buildSettings = {
				ALWAYS_SEARCH_USER_PATHS = NO;
				CLANG_ANALYZER_NONNULL = YES;
				CLANG_ANALYZER_NUMBER_OBJECT_CONVERSION = YES_AGGRESSIVE;
				CLANG_CXX_LANGUAGE_STANDARD = "gnu++14";
				CLANG_CXX_LIBRARY = "libc++";
				CLANG_ENABLE_MODULES = YES;
				CLANG_ENABLE_OBJC_ARC = YES;
				CLANG_ENABLE_OBJC_WEAK = YES;
				CLANG_WARN_BLOCK_CAPTURE_AUTORELEASING = YES;
				CLANG_WARN_BOOL_CONVERSION = YES;
				CLANG_WARN_COMMA = YES;
				CLANG_WARN_CONSTANT_CONVERSION = YES;
				CLANG_WARN_DEPRECATED_OBJC_IMPLEMENTATIONS = YES;
				CLANG_WARN_DIRECT_OBJC_ISA_USAGE = YES_ERROR;
				CLANG_WARN_DOCUMENTATION_COMMENTS = YES;
				CLANG_WARN_EMPTY_BODY = YES;
				CLANG_WARN_ENUM_CONVERSION = YES;
				CLANG_WARN_INFINITE_RECURSION = YES;
				CLANG_WARN_INT_CONVERSION = YES;
				CLANG_WARN_NON_LITERAL_NULL_CONVERSION = YES;
				CLANG_WARN_OBJC_IMPLICIT_RETAIN_SELF = YES;
				CLANG_WARN_OBJC_LITERAL_CONVERSION = YES;
				CLANG_WARN_OBJC_ROOT_CLASS = YES_ERROR;
				CLANG_WARN_RANGE_LOOP_ANALYSIS = YES;
				CLANG_WARN_STRICT_PROTOTYPES = YES;
				CLANG_WARN_SUSPICIOUS_MOVE = YES;
				CLANG_WARN_UNGUARDED_AVAILABILITY = YES_AGGRESSIVE;
				CLANG_WARN_UNREACHABLE_CODE = YES;
				CLANG_WARN__DUPLICATE_METHOD_MATCH = YES;
				CODE_SIGN_IDENTITY = "iPhone Developer";
				COPY_PHASE_STRIP = NO;
				DEBUG_INFORMATION_FORMAT = dwarf;
				ENABLE_STRICT_OBJC_MSGSEND = YES;
				ENABLE_TESTABILITY = YES;
				GCC_C_LANGUAGE_STANDARD = gnu11;
				GCC_DYNAMIC_NO_PIC = NO;
				GCC_NO_COMMON_BLOCKS = YES;
				GCC_OPTIMIZATION_LEVEL = 0;
				GCC_PREPROCESSOR_DEFINITIONS = (
					"DEBUG=1",
					"$(inherited)",
				);
				GCC_WARN_64_TO_32_BIT_CONVERSION = YES;
				GCC_WARN_ABOUT_RETURN_TYPE = YES_ERROR;
				GCC_WARN_UNDECLARED_SELECTOR = YES;
				GCC_WARN_UNINITIALIZED_AUTOS = YES_AGGRESSIVE;
				GCC_WARN_UNUSED_FUNCTION = YES;
				GCC_WARN_UNUSED_VARIABLE = YES;
				IPHONEOS_DEPLOYMENT_TARGET = 11.0;
				MTL_ENABLE_DEBUG_INFO = INCLUDE_SOURCE;
				MTL_FAST_MATH = YES;
				ONLY_ACTIVE_ARCH = YES;
				SDKROOT = iphoneos;
				SWIFT_ACTIVE_COMPILATION_CONDITIONS = DEBUG;
				SWIFT_OPTIMIZATION_LEVEL = "-Onone";
			};
			name = Debug;
		};
		1CFCD65E21D3EA8700F9D5A8 /* Release */ = {
			isa = XCBuildConfiguration;
			buildSettings = {
				ALWAYS_SEARCH_USER_PATHS = NO;
				CLANG_ANALYZER_NONNULL = YES;
				CLANG_ANALYZER_NUMBER_OBJECT_CONVERSION = YES_AGGRESSIVE;
				CLANG_CXX_LANGUAGE_STANDARD = "gnu++14";
				CLANG_CXX_LIBRARY = "libc++";
				CLANG_ENABLE_MODULES = YES;
				CLANG_ENABLE_OBJC_ARC = YES;
				CLANG_ENABLE_OBJC_WEAK = YES;
				CLANG_WARN_BLOCK_CAPTURE_AUTORELEASING = YES;
				CLANG_WARN_BOOL_CONVERSION = YES;
				CLANG_WARN_COMMA = YES;
				CLANG_WARN_CONSTANT_CONVERSION = YES;
				CLANG_WARN_DEPRECATED_OBJC_IMPLEMENTATIONS = YES;
				CLANG_WARN_DIRECT_OBJC_ISA_USAGE = YES_ERROR;
				CLANG_WARN_DOCUMENTATION_COMMENTS = YES;
				CLANG_WARN_EMPTY_BODY = YES;
				CLANG_WARN_ENUM_CONVERSION = YES;
				CLANG_WARN_INFINITE_RECURSION = YES;
				CLANG_WARN_INT_CONVERSION = YES;
				CLANG_WARN_NON_LITERAL_NULL_CONVERSION = YES;
				CLANG_WARN_OBJC_IMPLICIT_RETAIN_SELF = YES;
				CLANG_WARN_OBJC_LITERAL_CONVERSION = YES;
				CLANG_WARN_OBJC_ROOT_CLASS = YES_ERROR;
				CLANG_WARN_RANGE_LOOP_ANALYSIS = YES;
				CLANG_WARN_STRICT_PROTOTYPES = YES;
				CLANG_WARN_SUSPICIOUS_MOVE = YES;
				CLANG_WARN_UNGUARDED_AVAILABILITY = YES_AGGRESSIVE;
				CLANG_WARN_UNREACHABLE_CODE = YES;
				CLANG_WARN__DUPLICATE_METHOD_MATCH = YES;
				CODE_SIGN_IDENTITY = "iPhone Developer";
				COPY_PHASE_STRIP = NO;
				DEBUG_INFORMATION_FORMAT = "dwarf-with-dsym";
				ENABLE_NS_ASSERTIONS = NO;
				ENABLE_STRICT_OBJC_MSGSEND = YES;
				GCC_C_LANGUAGE_STANDARD = gnu11;
				GCC_NO_COMMON_BLOCKS = YES;
				GCC_WARN_64_TO_32_BIT_CONVERSION = YES;
				GCC_WARN_ABOUT_RETURN_TYPE = YES_ERROR;
				GCC_WARN_UNDECLARED_SELECTOR = YES;
				GCC_WARN_UNINITIALIZED_AUTOS = YES_AGGRESSIVE;
				GCC_WARN_UNUSED_FUNCTION = YES;
				GCC_WARN_UNUSED_VARIABLE = YES;
				IPHONEOS_DEPLOYMENT_TARGET = 11.0;
				MTL_ENABLE_DEBUG_INFO = NO;
				MTL_FAST_MATH = YES;
				SDKROOT = iphoneos;
				SWIFT_COMPILATION_MODE = wholemodule;
				SWIFT_OPTIMIZATION_LEVEL = "-O";
				VALIDATE_PRODUCT = YES;
			};
			name = Release;
		};
		1CFCD66021D3EA8700F9D5A8 /* Debug */ = {
			isa = XCBuildConfiguration;
			baseConfigurationReference = 1E6E41E56F37D17CE5FB39A2 /* Pods-Grammary.debug.xcconfig */;
			buildSettings = {
				ASSETCATALOG_COMPILER_APPICON_NAME = AppIcon;
				CODE_SIGN_STYLE = Automatic;
				INFOPLIST_FILE = "$(SRCROOT)/Grammary/Application Layer/Plists/Info.plist";
				LD_RUNPATH_SEARCH_PATHS = (
					"$(inherited)",
					"@executable_path/Frameworks",
				);
				PRODUCT_BUNDLE_IDENTIFIER = BTSDigital.Grammary;
				PRODUCT_NAME = "$(TARGET_NAME)";
				SWIFT_VERSION = 4.2;
				TARGETED_DEVICE_FAMILY = "1,2";
			};
			name = Debug;
		};
		1CFCD66121D3EA8700F9D5A8 /* Release */ = {
			isa = XCBuildConfiguration;
			baseConfigurationReference = F0C03043C60CC1AB618903F7 /* Pods-Grammary.release.xcconfig */;
			buildSettings = {
				ASSETCATALOG_COMPILER_APPICON_NAME = AppIcon;
				CODE_SIGN_STYLE = Automatic;
				INFOPLIST_FILE = "$(SRCROOT)/Grammary/Application Layer/Plists/Info.plist";
				LD_RUNPATH_SEARCH_PATHS = (
					"$(inherited)",
					"@executable_path/Frameworks",
				);
				PRODUCT_BUNDLE_IDENTIFIER = BTSDigital.Grammary;
				PRODUCT_NAME = "$(TARGET_NAME)";
				SWIFT_VERSION = 4.2;
				TARGETED_DEVICE_FAMILY = "1,2";
			};
			name = Release;
		};
		1CFCD66321D3EA8700F9D5A8 /* Debug */ = {
			isa = XCBuildConfiguration;
			baseConfigurationReference = E7B6580EFD1D79AA24C365E4 /* Pods-GrammaryTests.debug.xcconfig */;
			buildSettings = {
				ALWAYS_EMBED_SWIFT_STANDARD_LIBRARIES = YES;
				BUNDLE_LOADER = "$(TEST_HOST)";
				CODE_SIGN_STYLE = Automatic;
				INFOPLIST_FILE = GrammaryTests/Info.plist;
				LD_RUNPATH_SEARCH_PATHS = (
					"$(inherited)",
					"@executable_path/Frameworks",
					"@loader_path/Frameworks",
				);
				PRODUCT_BUNDLE_IDENTIFIER = BTSDigital.GrammaryTests;
				PRODUCT_NAME = "$(TARGET_NAME)";
				SWIFT_VERSION = 4.2;
				TARGETED_DEVICE_FAMILY = "1,2";
				TEST_HOST = "$(BUILT_PRODUCTS_DIR)/Grammary.app/Grammary";
			};
			name = Debug;
		};
		1CFCD66421D3EA8700F9D5A8 /* Release */ = {
			isa = XCBuildConfiguration;
			baseConfigurationReference = A29495C259F55D7AFCD5604C /* Pods-GrammaryTests.release.xcconfig */;
			buildSettings = {
				ALWAYS_EMBED_SWIFT_STANDARD_LIBRARIES = YES;
				BUNDLE_LOADER = "$(TEST_HOST)";
				CODE_SIGN_STYLE = Automatic;
				INFOPLIST_FILE = GrammaryTests/Info.plist;
				LD_RUNPATH_SEARCH_PATHS = (
					"$(inherited)",
					"@executable_path/Frameworks",
					"@loader_path/Frameworks",
				);
				PRODUCT_BUNDLE_IDENTIFIER = BTSDigital.GrammaryTests;
				PRODUCT_NAME = "$(TARGET_NAME)";
				SWIFT_VERSION = 4.2;
				TARGETED_DEVICE_FAMILY = "1,2";
				TEST_HOST = "$(BUILT_PRODUCTS_DIR)/Grammary.app/Grammary";
			};
			name = Release;
		};
		1CFCD66621D3EA8700F9D5A8 /* Debug */ = {
			isa = XCBuildConfiguration;
			buildSettings = {
				ALWAYS_EMBED_SWIFT_STANDARD_LIBRARIES = YES;
				CODE_SIGN_STYLE = Automatic;
				INFOPLIST_FILE = GrammaryUITests/Info.plist;
				LD_RUNPATH_SEARCH_PATHS = (
					"$(inherited)",
					"@executable_path/Frameworks",
					"@loader_path/Frameworks",
				);
				PRODUCT_BUNDLE_IDENTIFIER = BTSDigital.GrammaryUITests;
				PRODUCT_NAME = "$(TARGET_NAME)";
				SWIFT_VERSION = 4.2;
				TARGETED_DEVICE_FAMILY = "1,2";
				TEST_TARGET_NAME = Grammary;
			};
			name = Debug;
		};
		1CFCD66721D3EA8700F9D5A8 /* Release */ = {
			isa = XCBuildConfiguration;
			buildSettings = {
				ALWAYS_EMBED_SWIFT_STANDARD_LIBRARIES = YES;
				CODE_SIGN_STYLE = Automatic;
				INFOPLIST_FILE = GrammaryUITests/Info.plist;
				LD_RUNPATH_SEARCH_PATHS = (
					"$(inherited)",
					"@executable_path/Frameworks",
					"@loader_path/Frameworks",
				);
				PRODUCT_BUNDLE_IDENTIFIER = BTSDigital.GrammaryUITests;
				PRODUCT_NAME = "$(TARGET_NAME)";
				SWIFT_VERSION = 4.2;
				TARGETED_DEVICE_FAMILY = "1,2";
				TEST_TARGET_NAME = Grammary;
			};
			name = Release;
		};
/* End XCBuildConfiguration section */

/* Begin XCConfigurationList section */
		1CFCD63221D3EA8600F9D5A8 /* Build configuration list for PBXProject "Grammary" */ = {
			isa = XCConfigurationList;
			buildConfigurations = (
				1CFCD65D21D3EA8700F9D5A8 /* Debug */,
				1CFCD65E21D3EA8700F9D5A8 /* Release */,
			);
			defaultConfigurationIsVisible = 0;
			defaultConfigurationName = Release;
		};
		1CFCD65F21D3EA8700F9D5A8 /* Build configuration list for PBXNativeTarget "Grammary" */ = {
			isa = XCConfigurationList;
			buildConfigurations = (
				1CFCD66021D3EA8700F9D5A8 /* Debug */,
				1CFCD66121D3EA8700F9D5A8 /* Release */,
			);
			defaultConfigurationIsVisible = 0;
			defaultConfigurationName = Release;
		};
		1CFCD66221D3EA8700F9D5A8 /* Build configuration list for PBXNativeTarget "GrammaryTests" */ = {
			isa = XCConfigurationList;
			buildConfigurations = (
				1CFCD66321D3EA8700F9D5A8 /* Debug */,
				1CFCD66421D3EA8700F9D5A8 /* Release */,
			);
			defaultConfigurationIsVisible = 0;
			defaultConfigurationName = Release;
		};
		1CFCD66521D3EA8700F9D5A8 /* Build configuration list for PBXNativeTarget "GrammaryUITests" */ = {
			isa = XCConfigurationList;
			buildConfigurations = (
				1CFCD66621D3EA8700F9D5A8 /* Debug */,
				1CFCD66721D3EA8700F9D5A8 /* Release */,
			);
			defaultConfigurationIsVisible = 0;
			defaultConfigurationName = Release;
		};
/* End XCConfigurationList section */
	};
	rootObject = 1CFCD62F21D3EA8600F9D5A8 /* Project object */;
}
