PODS:
  - Realm (3.7.6):
    - Realm/Headers (= 3.7.6)
  - Realm/Headers (3.7.6)
  - RealmSwift (3.7.6):
    - Realm (= 3.7.6)
  - SnapKit (4.2.0)
  - SwiftGen (5.3.0)

DEPENDENCIES:
  - RealmSwift (~> 3.7.6)
  - SnapKit
  - SwiftGen (~> 5.3.0)

SPEC REPOS:
  https://github.com/cocoapods/specs.git:
    - Realm
    - RealmSwift
    - SnapKit
    - SwiftGen

SPEC CHECKSUMS:
  Realm: 9eaecad54712d6246d08ba34c10f354e4715d7d3
  RealmSwift: 1fe08b4ebaeeaacf17f9ba0343f7b25c9fc31fa6
  SnapKit: fe8a619752f3f27075cc9a90244d75c6c3f27e2a
  SwiftGen: 4379bd3640b0a212a0f6ea3c494adba385513d10

PODFILE CHECKSUM: c09e78e5f6e1db8adfe271a04d401fece74eb621

COCOAPODS: 1.6.0.beta.2
